
Microsoft Visual Studio Solution File, Format Version 12.00
# Visual Studio 15
VisualStudioVersion = 15.0.28307.271
MinimumVisualStudioVersion = 10.0.40219.1
Project("{FAE04EC0-301F-11D3-BF4B-00C04F79EFBC}") = "csftpserver", "csftpserver\csftpserver.csproj", "{CC24E30A-AA8F-41D7-9D93-1BA61F5E7A89}"
EndProject
Global
	GlobalSection(SolutionConfigurationPlatforms) = preSolution
		Debug|Any CPU = Debug|Any CPU
		Release|Any CPU = Release|Any CPU
	EndGlobalSection
	GlobalSection(ProjectConfigurationPlatforms) = postSolution
		{CC24E30A-AA8F-41D7-9D93-1BA61F5E7A89}.Debug|Any CPU.ActiveCfg = Debug|Any CPU
		{CC24E30A-AA8F-41D7-9D93-1BA61F5E7A89}.Debug|Any CPU.Build.0 = Debug|Any CPU
		{CC24E30A-AA8F-41D7-9D93-1BA61F5E7A89}.Release|Any CPU.ActiveCfg = Release|Any CPU
		{CC24E30A-AA8F-41D7-9D93-1BA61F5E7A89}.Release|Any CPU.Build.0 = Release|Any CPU
	EndGlobalSection
	GlobalSection(SolutionProperties) = preSolution
		HideSolutionNode = FALSE
	EndGlobalSection
	GlobalSection(ExtensibilityGlobals) = postSolution
		SolutionGuid = {9CF24EFA-A622-4ADD-A6F1-339F0B575C7D}
	EndGlobalSection
EndGlobal
