
Microsoft Visual Studio Solution File, Format Version 12.00
# Visual Studio 14
VisualStudioVersion = 14.0.25420.1
MinimumVisualStudioVersion = 10.0.40219.1
Project("{FAE04EC0-301F-11D3-BF4B-00C04F79EFBC}") = "ftpClient", "FTPApplication_WHU\ftpClient.csproj", "{77AFAFD5-548F-4760-8B49-53CF9BE2098C}"
EndProject
Project("{FAE04EC0-301F-11D3-BF4B-00C04F79EFBC}") = "csftpserver", "..\csftpserver\csftpserver\csftpserver.csproj", "{CC24E30A-AA8F-41D7-9D93-1BA61F5E7A89}"
EndProject
Global
	GlobalSection(SolutionConfigurationPlatforms) = preSolution
		Debug|Any CPU = Debug|Any CPU
		Release|Any CPU = Release|Any CPU
	EndGlobalSection
	GlobalSection(ProjectConfigurationPlatforms) = postSolution
		{77AFAFD5-548F-4760-8B49-53CF9BE2098C}.Debug|Any CPU.ActiveCfg = Debug|Any CPU
		{77AFAFD5-548F-4760-8B49-53CF9BE2098C}.Debug|Any CPU.Build.0 = Debug|Any CPU
		{77AFAFD5-548F-4760-8B49-53CF9BE2098C}.Release|Any CPU.ActiveCfg = Release|Any CPU
		{77AFAFD5-548F-4760-8B49-53CF9BE2098C}.Release|Any CPU.Build.0 = Release|Any CPU
		{CC24E30A-AA8F-41D7-9D93-1BA61F5E7A89}.Debug|Any CPU.ActiveCfg = Debug|Any CPU
		{CC24E30A-AA8F-41D7-9D93-1BA61F5E7A89}.Debug|Any CPU.Build.0 = Debug|Any CPU
		{CC24E30A-AA8F-41D7-9D93-1BA61F5E7A89}.Release|Any CPU.ActiveCfg = Release|Any CPU
		{CC24E30A-AA8F-41D7-9D93-1BA61F5E7A89}.Release|Any CPU.Build.0 = Release|Any CPU
	EndGlobalSection
	GlobalSection(SolutionProperties) = preSolution
		HideSolutionNode = FALSE
	EndGlobalSection
	GlobalSection(ExtensibilityGlobals) = postSolution
		SolutionGuid = {9CF24EFA-A622-4ADD-A6F1-339F0B575C7D}
	EndGlobalSection
EndGlobal
